
Microsoft Visual Studio Solution File, Format Version 12.00
Project("{2150E333-8FDC-42A3-9474-1A3956D46DE8}") = "Services", "Services", "{2FF2E6FB-29D0-48D0-9897-E96883D98149}"
EndProject
Project("{2150E333-8FDC-42A3-9474-1A3956D46DE8}") = "DocumentService", "DocumentService", "{E338AF72-9374-43BD-A992-6A6806F06FA9}"
EndProject
Project("{FAE04EC0-301F-11D3-BF4B-00C04F79EFBC}") = "DocumentService.Domain", "DocumentService.Domain\DocumentService.Domain.csproj", "{72E0B0A5-7089-4B9D-9125-6E4E63C5565A}"
EndProject
Project("{FAE04EC0-301F-11D3-BF4B-00C04F79EFBC}") = "DocumentService.Infrastructure", "DocumentService.Infrastructure\DocumentService.Infrastructure.csproj", "{866E0E2C-309A-4B9C-8FF2-87A13F88970E}"
EndProject
Project("{FAE04EC0-301F-11D3-BF4B-00C04F79EFBC}") = "DocumentService.Application", "DocumentService.Application\DocumentService.Application.csproj", "{B939807F-C16B-4AC1-9D59-90222EF9C60E}"
EndProject
Project("{FAE04EC0-301F-11D3-BF4B-00C04F79EFBC}") = "DocumentService.API", "DocumentService.API\DocumentService.API.csproj", "{2CBE711B-27AB-44D1-9E40-D6989A9705ED}"
EndProject
Project("{2150E333-8FDC-42A3-9474-1A3956D46DE8}") = "Frontend", "Frontend", "{432EF767-5EB4-4999-A141-6C8CB6F5AB0D}"
EndProject
Project("{FAE04EC0-301F-11D3-BF4B-00C04F79EFBC}") = "LegalDoc.Frontend", "LegalDoc.Frontend\LegalDoc.Frontend.csproj", "{E79559A6-6695-438C-B164-664C09FFEF4F}"
EndProject
Global
	GlobalSection(SolutionConfigurationPlatforms) = preSolution
		Debug|Any CPU = Debug|Any CPU
		Release|Any CPU = Release|Any CPU
	EndGlobalSection
	GlobalSection(NestedProjects) = preSolution
		{E338AF72-9374-43BD-A992-6A6806F06FA9} = {2FF2E6FB-29D0-48D0-9897-E96883D98149}
		{72E0B0A5-7089-4B9D-9125-6E4E63C5565A} = {E338AF72-9374-43BD-A992-6A6806F06FA9}
		{866E0E2C-309A-4B9C-8FF2-87A13F88970E} = {E338AF72-9374-43BD-A992-6A6806F06FA9}
		{B939807F-C16B-4AC1-9D59-90222EF9C60E} = {E338AF72-9374-43BD-A992-6A6806F06FA9}
		{2CBE711B-27AB-44D1-9E40-D6989A9705ED} = {E338AF72-9374-43BD-A992-6A6806F06FA9}
		{E79559A6-6695-438C-B164-664C09FFEF4F} = {432EF767-5EB4-4999-A141-6C8CB6F5AB0D}
	EndGlobalSection
	GlobalSection(ProjectConfigurationPlatforms) = postSolution
		{72E0B0A5-7089-4B9D-9125-6E4E63C5565A}.Debug|Any CPU.ActiveCfg = Debug|Any CPU
		{72E0B0A5-7089-4B9D-9125-6E4E63C5565A}.Debug|Any CPU.Build.0 = Debug|Any CPU
		{72E0B0A5-7089-4B9D-9125-6E4E63C5565A}.Release|Any CPU.ActiveCfg = Release|Any CPU
		{72E0B0A5-7089-4B9D-9125-6E4E63C5565A}.Release|Any CPU.Build.0 = Release|Any CPU
		{866E0E2C-309A-4B9C-8FF2-87A13F88970E}.Debug|Any CPU.ActiveCfg = Debug|Any CPU
		{866E0E2C-309A-4B9C-8FF2-87A13F88970E}.Debug|Any CPU.Build.0 = Debug|Any CPU
		{866E0E2C-309A-4B9C-8FF2-87A13F88970E}.Release|Any CPU.ActiveCfg = Release|Any CPU
		{866E0E2C-309A-4B9C-8FF2-87A13F88970E}.Release|Any CPU.Build.0 = Release|Any CPU
		{B939807F-C16B-4AC1-9D59-90222EF9C60E}.Debug|Any CPU.ActiveCfg = Debug|Any CPU
		{B939807F-C16B-4AC1-9D59-90222EF9C60E}.Debug|Any CPU.Build.0 = Debug|Any CPU
		{B939807F-C16B-4AC1-9D59-90222EF9C60E}.Release|Any CPU.ActiveCfg = Release|Any CPU
		{B939807F-C16B-4AC1-9D59-90222EF9C60E}.Release|Any CPU.Build.0 = Release|Any CPU
		{2CBE711B-27AB-44D1-9E40-D6989A9705ED}.Debug|Any CPU.ActiveCfg = Debug|Any CPU
		{2CBE711B-27AB-44D1-9E40-D6989A9705ED}.Debug|Any CPU.Build.0 = Debug|Any CPU
		{2CBE711B-27AB-44D1-9E40-D6989A9705ED}.Release|Any CPU.ActiveCfg = Release|Any CPU
		{2CBE711B-27AB-44D1-9E40-D6989A9705ED}.Release|Any CPU.Build.0 = Release|Any CPU
		{E79559A6-6695-438C-B164-664C09FFEF4F}.Debug|Any CPU.ActiveCfg = Debug|Any CPU
		{E79559A6-6695-438C-B164-664C09FFEF4F}.Debug|Any CPU.Build.0 = Debug|Any CPU
		{E79559A6-6695-438C-B164-664C09FFEF4F}.Release|Any CPU.ActiveCfg = Release|Any CPU
		{E79559A6-6695-438C-B164-664C09FFEF4F}.Release|Any CPU.Build.0 = Release|Any CPU
	EndGlobalSection
EndGlobal
